
Microsoft Visual Studio Solution File, Format Version 12.00
# Visual Studio 15
Project("{FAE04EC0-301F-11D3-BF4B-00C04F79EFBC}") = "Assembly-CSharp", "Assembly-CSharp.csproj", "{58CFAD79-6929-3CA5-0844-BC03E66B3D3F}"
EndProject
Global
	GlobalSection(SolutionConfigurationPlatforms) = preSolution
		Debug|Any CPU = Debug|Any CPU
		Release|Any CPU = Release|Any CPU
	EndGlobalSection
	GlobalSection(ProjectConfigurationPlatforms) = postSolution
		{58CFAD79-6929-3CA5-0844-BC03E66B3D3F}.Debug|Any CPU.ActiveCfg = Debug|Any CPU
		{58CFAD79-6929-3CA5-0844-BC03E66B3D3F}.Debug|Any CPU.Build.0 = Debug|Any CPU
		{58CFAD79-6929-3CA5-0844-BC03E66B3D3F}.Release|Any CPU.ActiveCfg = Release|Any CPU
		{58CFAD79-6929-3CA5-0844-BC03E66B3D3F}.Release|Any CPU.Build.0 = Release|Any CPU
	EndGlobalSection
	GlobalSection(SolutionProperties) = preSolution
		HideSolutionNode = FALSE
	EndGlobalSection
EndGlobal
